
Microsoft Visual Studio Solution File, Format Version 12.00
# Visual Studio Version 16
VisualStudioVersion = 16.0.810.10
MinimumVisualStudioVersion = 10.0.40219.1
Project("{FAE04EC0-301F-11D3-BF4B-00C04F79EFBC}") = "Befimmo", "Befimmo.csproj", "{364532AF-5432-45ED-BF73-5F6934146153}"
EndProject
Global
	GlobalSection(SolutionConfigurationPlatforms) = preSolution
		Debug|Any CPU = Debug|Any CPU
		Release|Any CPU = Release|Any CPU
	EndGlobalSection
	GlobalSection(ProjectConfigurationPlatforms) = postSolution
		{364532AF-5432-45ED-BF73-5F6934146153}.Debug|Any CPU.ActiveCfg = Debug|Any CPU
		{364532AF-5432-45ED-BF73-5F6934146153}.Debug|Any CPU.Build.0 = Debug|Any CPU
		{364532AF-5432-45ED-BF73-5F6934146153}.Release|Any CPU.ActiveCfg = Release|Any CPU
		{364532AF-5432-45ED-BF73-5F6934146153}.Release|Any CPU.Build.0 = Release|Any CPU
	EndGlobalSection
	GlobalSection(SolutionProperties) = preSolution
		HideSolutionNode = FALSE
	EndGlobalSection
	GlobalSection(ExtensibilityGlobals) = postSolution
		SolutionGuid = {9CED06C4-848C-453D-A718-A4EE58C544AF}
	EndGlobalSection
EndGlobal
